
Microsoft Visual Studio Solution File, Format Version 12.00
# Visual Studio Version 17
VisualStudioVersion = 17.1.32328.378
MinimumVisualStudioVersion = 10.0.40219.1
Project("{9A19103F-16F7-4668-BE54-9A1E7A4F7556}") = "OktaPasswordImportHook", "OktaPasswordImportHook\OktaPasswordImportHook.csproj", "{E6374643-131E-4FB1-87CB-2A9B4B777437}"
EndProject
Project("{9A19103F-16F7-4668-BE54-9A1E7A4F7556}") = "OktaPasswordImportHookTest", "OktaPasswordImportHookTest\OktaPasswordImportHookTest.csproj", "{F8CCD948-BC26-407B-AC33-55700949FBD3}"
EndProject
Global
	GlobalSection(SolutionConfigurationPlatforms) = preSolution
		Debug|Any CPU = Debug|Any CPU
		Release|Any CPU = Release|Any CPU
	EndGlobalSection
	GlobalSection(ProjectConfigurationPlatforms) = postSolution
		{E6374643-131E-4FB1-87CB-2A9B4B777437}.Debug|Any CPU.ActiveCfg = Debug|Any CPU
		{E6374643-131E-4FB1-87CB-2A9B4B777437}.Debug|Any CPU.Build.0 = Debug|Any CPU
		{E6374643-131E-4FB1-87CB-2A9B4B777437}.Release|Any CPU.ActiveCfg = Release|Any CPU
		{E6374643-131E-4FB1-87CB-2A9B4B777437}.Release|Any CPU.Build.0 = Release|Any CPU
		{F8CCD948-BC26-407B-AC33-55700949FBD3}.Debug|Any CPU.ActiveCfg = Debug|Any CPU
		{F8CCD948-BC26-407B-AC33-55700949FBD3}.Debug|Any CPU.Build.0 = Debug|Any CPU
		{F8CCD948-BC26-407B-AC33-55700949FBD3}.Release|Any CPU.ActiveCfg = Release|Any CPU
		{F8CCD948-BC26-407B-AC33-55700949FBD3}.Release|Any CPU.Build.0 = Release|Any CPU
	EndGlobalSection
	GlobalSection(SolutionProperties) = preSolution
		HideSolutionNode = FALSE
	EndGlobalSection
	GlobalSection(ExtensibilityGlobals) = postSolution
		SolutionGuid = {B2D5E329-CD88-4489-ACD6-F97998A73EFE}
	EndGlobalSection
EndGlobal
